{
  "name": "partynest",
  "requires": true,
  "lockfileVersion": 1,
  "dependencies": {
    "cropperjs": {
      "version": "1.4.3",
      "resolved": "https://registry.npmjs.org/cropperjs/-/cropperjs-1.4.3.tgz",
      "integrity": "sha512-fsUjHuS9mvKVh2aXVRgNcUDlFplW+v4eEB6sOHVI9kMV4G3GViSD4p1qvNLg1ko4ZhOnF0L8/9uXcY4s2bFQPg=="
    },
    "jquery": {
      "version": "3.3.1",
      "resolved": "https://registry.npmjs.org/jquery/-/jquery-3.3.1.tgz",
      "integrity": "sha512-Ubldcmxp5np52/ENotGxlLe6aGMvmF4R8S6tZjsP6Knsaxd/xp3Zrh50cG93lR6nPXyUFwzN3ZSOQI0wRJNdGg=="
    },
    "jquery-cropper": {
      "version": "1.0.0",
      "resolved": "https://registry.npmjs.org/jquery-cropper/-/jquery-cropper-1.0.0.tgz",
      "integrity": "sha512-ox1zRC1IIlN0sPxqb8TqgmoiEs1USNFfNn1RK6mwXrBdOfJpwqog7ZZVc6Hz/ev03gomDbOs2jXZUgTMBg35xg=="
    },
    "jquery-zoom": {
      "version": "1.7.21",
      "resolved": "https://registry.npmjs.org/jquery-zoom/-/jquery-zoom-1.7.21.tgz",
      "integrity": "sha512-C3aDEt0c4TkPrOPqIs5VAOwBMgitf1I7jEakO15G3QfxdVEivBvUlkiCjfcGQM+FyXdvshpbiEJKDbEdPz2/pw==",
      "requires": {
        "jquery": ">=1.7"
      }
    }
  }
}
