{
  "name": "partynest",
  "requires": true,
  "lockfileVersion": 1,
  "dependencies": {
    "cropperjs": {
      "version": "1.4.3",
      "resolved": "https://registry.npmjs.org/cropperjs/-/cropperjs-1.4.3.tgz",
      "integrity": "sha512-fsUjHuS9mvKVh2aXVRgNcUDlFplW+v4eEB6sOHVI9kMV4G3GViSD4p1qvNLg1ko4ZhOnF0L8/9uXcY4s2bFQPg=="
    }
  }
}
