{
  "name": "partynest",
  "requires": true,
  "lockfileVersion": 1,
  "dependencies": {
    "jquery-viewer": {
      "version": "1.0.0",
      "resolved": "https://registry.npmjs.org/jquery-viewer/-/jquery-viewer-1.0.0.tgz",
      "integrity": "sha512-j1f7AKNU+wjywS8CwtHzDymyoroUznoXnrRp87WIRVuzZzMoFtJCrj54F/0BAi2DIEkDHx/1EZl9N725M6LiIA=="
    },
    "viewerjs": {
      "version": "1.3.0",
      "resolved": "https://registry.npmjs.org/viewerjs/-/viewerjs-1.3.0.tgz",
      "integrity": "sha512-Xt0Iy/j639MwuDV5xAKhdk9PKVj9FjMvh5CVH7T7KKGeKq4tXIlDDySs2uxkmG+GpFeM6997tt9dHdzHhUwd+g=="
    }
  }
}
