# THIS IS AN AUTOGENERATED FILE. DO NOT EDIT THIS FILE DIRECTLY.
# yarn lockfile v1


jquery-viewer@^1.0.0:
  version "1.0.0"
  resolved "https://registry.yarnpkg.com/jquery-viewer/-/jquery-viewer-1.0.0.tgz#84dc26d39b4499d8f21fa146d35bd52f5f813f11"
  integrity sha512-j1f7AKNU+wjywS8CwtHzDymyoroUznoXnrRp87WIRVuzZzMoFtJCrj54F/0BAi2DIEkDHx/1EZl9N725M6LiIA==

viewerjs@^1.3.0:
  version "1.3.2"
  resolved "https://registry.yarnpkg.com/viewerjs/-/viewerjs-1.3.2.tgz#67781aff6d019a0960c4c2bf74d6756b548aebf8"
  integrity sha512-P9Ac9H+GJ1jE9B5x8foRYm/xZvpWFR6L4GC9mr6181P9amOzQPDkplQrFj8l7mdnv8EyH2dO8XJJfoylir316A==
